{
  "name": "boxedit",
  "version": "1.0.0",
  "lockfileVersion": 3,
  "requires": true,
  "packages": {
    "": {
      "name": "boxedit",
      "version": "1.0.0",
      "license": "ISC",
      "devDependencies": {
        "@types/wicg-file-system-access": "^2023.10.5",
        "typescript": "^5.7.3"
      }
    },
    "node_modules/@types/wicg-file-system-access": {
      "version": "2023.10.5",
      "resolved": "https://registry.npmjs.org/@types/wicg-file-system-access/-/wicg-file-system-access-2023.10.5.tgz",
      "integrity": "sha512-e9kZO9kCdLqT2h9Tw38oGv9UNzBBWaR1MzuAavxPcsV/7FJ3tWbU6RI3uB+yKIDPGLkGVbplS52ub0AcRLvrhA==",
      "dev": true
    },
    "node_modules/typescript": {
      "version": "5.7.3",
      "resolved": "https://registry.npmjs.org/typescript/-/typescript-5.7.3.tgz",
      "integrity": "sha512-84MVSjMEHP+FQRPy3pX9sTVV/INIex71s9TL2Gm5FG/WG1SqXeKyZ0k7/blY/4FdOzI12CBy1vGc4og/eus0fw==",
      "dev": true,
      "bin": {
        "tsc": "bin/tsc",
        "tsserver": "bin/tsserver"
      },
      "engines": {
        "node": ">=14.17"
      }
    }
  }
}
